
Microsoft Visual Studio Solution File, Format Version 12.00
# Visual Studio 15
VisualStudioVersion = 15.0.28010.2003
MinimumVisualStudioVersion = 10.0.40219.1
Project("{FAE04EC0-301F-11D3-BF4B-00C04F79EFBC}") = "LandTaxCalc", "LandTaxCalc\LandTaxCalc.csproj", "{0E8B3679-275B-43F7-B275-CAE227ED2221}"
EndProject
Global
	GlobalSection(SolutionConfigurationPlatforms) = preSolution
		Debug|Any CPU = Debug|Any CPU
		Release|Any CPU = Release|Any CPU
	EndGlobalSection
	GlobalSection(ProjectConfigurationPlatforms) = postSolution
		{0E8B3679-275B-43F7-B275-CAE227ED2221}.Debug|Any CPU.ActiveCfg = Debug|Any CPU
		{0E8B3679-275B-43F7-B275-CAE227ED2221}.Debug|Any CPU.Build.0 = Debug|Any CPU
		{0E8B3679-275B-43F7-B275-CAE227ED2221}.Release|Any CPU.ActiveCfg = Release|Any CPU
		{0E8B3679-275B-43F7-B275-CAE227ED2221}.Release|Any CPU.Build.0 = Release|Any CPU
	EndGlobalSection
	GlobalSection(SolutionProperties) = preSolution
		HideSolutionNode = FALSE
	EndGlobalSection
	GlobalSection(ExtensibilityGlobals) = postSolution
		SolutionGuid = {3E681946-045D-4558-9C53-2BF0EBADCE82}
	EndGlobalSection
EndGlobal
