
Microsoft Visual Studio Solution File, Format Version 12.00
# Visual Studio 15
VisualStudioVersion = 15.0.28010.2003
MinimumVisualStudioVersion = 10.0.40219.1
Project("{FAE04EC0-301F-11D3-BF4B-00C04F79EFBC}") = "Chapter1_e9", "ConsoleApp1\Chapter1_e9.csproj", "{282FA03C-E164-4875-91AC-18E6D534E13E}"
EndProject
Global
	GlobalSection(SolutionConfigurationPlatforms) = preSolution
		Debug|Any CPU = Debug|Any CPU
		Release|Any CPU = Release|Any CPU
	EndGlobalSection
	GlobalSection(ProjectConfigurationPlatforms) = postSolution
		{282FA03C-E164-4875-91AC-18E6D534E13E}.Debug|Any CPU.ActiveCfg = Debug|Any CPU
		{282FA03C-E164-4875-91AC-18E6D534E13E}.Debug|Any CPU.Build.0 = Debug|Any CPU
		{282FA03C-E164-4875-91AC-18E6D534E13E}.Release|Any CPU.ActiveCfg = Release|Any CPU
		{282FA03C-E164-4875-91AC-18E6D534E13E}.Release|Any CPU.Build.0 = Release|Any CPU
	EndGlobalSection
	GlobalSection(SolutionProperties) = preSolution
		HideSolutionNode = FALSE
	EndGlobalSection
	GlobalSection(ExtensibilityGlobals) = postSolution
		SolutionGuid = {7C26AFEE-9380-443E-AFBD-16035993572E}
	EndGlobalSection
EndGlobal
